<?xml version="1.0" encoding="utf-8"?>
<Project ToolsVersion="4.0" xmlns="http://schemas.microsoft.com/developer/msbuild/2003">
  <ItemGroup>
    <Filter Include="Archivos de origen">
      <UniqueIdentifier>{4FC737F1-C7A5-4376-A066-2A32D752A2FF}</UniqueIdentifier>
      <Extensions>cpp;c;cc;cxx;c++;cppm;ixx;def;odl;idl;hpj;bat;asm;asmx</Extensions>
    </Filter>
    <Filter Include="Archivos de encabezado">
      <UniqueIdentifier>{93995380-89BD-4b04-88EB-625FBE52EBFB}</UniqueIdentifier>
      <Extensions>h;hh;hpp;hxx;h++;hm;inl;inc;ipp;xsd</Extensions>
    </Filter>
    <Filter Include="Archivos de recursos">
      <UniqueIdentifier>{67DA6AB6-F800-4c08-8B7A-83BB121AAD01}</UniqueIdentifier>
      <Extensions>rc;ico;cur;bmp;dlg;rc2;rct;bin;rgs;gif;jpg;jpeg;jpe;resx;tiff;tif;png;wav;mfcribbon-ms</Extensions>
    </Filter>
    <Filter Include="Archivos de encabezado\Managers">
      <UniqueIdentifier>{d19cf8b2-80b9-4172-b62f-9aaa7f09abc2}</UniqueIdentifier>
    </Filter>
    <Filter Include="Archivos de encabezado\Layers">
      <UniqueIdentifier>{b1e68ebb-f346-415f-b5ba-7dc04632ecb7}</UniqueIdentifier>
    </Filter>
    <Filter Include="Archivos de origen\Managers">
      <UniqueIdentifier>{d0c410ad-3521-4dee-bf77-517188d8a1d6}</UniqueIdentifier>
    </Filter>
    <Filter Include="Archivos de origen\Layers">
      <UniqueIdentifier>{0f0b90e1-0746-4bb5-aeee-276aee7980f2}</UniqueIdentifier>
    </Filter>
    <Filter Include="Archivos de encabezado\Torretas">
      <UniqueIdentifier>{a6c5afdf-93c3-4bc9-9e98-832b31cbba64}</UniqueIdentifier>
    </Filter>
    <Filter Include="Archivos de origen\Torretas">
      <UniqueIdentifier>{ed898ed4-aebc-474c-99cf-84059e119027}</UniqueIdentifier>
    </Filter>
    <Filter Include="Archivos de encabezado\Enemigos">
      <UniqueIdentifier>{a06a67d7-72f9-44fa-a752-7167f34c4d40}</UniqueIdentifier>
    </Filter>
    <Filter Include="Archivos de origen\Enemigos">
      <UniqueIdentifier>{0d894913-77d7-4d5d-a226-e0131554307d}</UniqueIdentifier>
    </Filter>
  </ItemGroup>
  <ItemGroup>
    <ClCompile Include="Actor.cpp">
      <Filter>Archivos de origen</Filter>
    </ClCompile>
    <ClCompile Include="Animation.cpp">
      <Filter>Archivos de origen</Filter>
    </ClCompile>
    <ClCompile Include="Audio.cpp">
      <Filter>Archivos de origen</Filter>
    </ClCompile>
    <ClCompile Include="Background.cpp">
      <Filter>Archivos de origen</Filter>
    </ClCompile>
    <ClCompile Include="Game.cpp">
      <Filter>Archivos de origen</Filter>
    </ClCompile>
    <ClCompile Include="Main.cpp">
      <Filter>Archivos de origen</Filter>
    </ClCompile>
    <ClCompile Include="Player.cpp">
      <Filter>Archivos de origen</Filter>
    </ClCompile>
    <ClCompile Include="Projectile.cpp">
      <Filter>Archivos de origen</Filter>
    </ClCompile>
    <ClCompile Include="Space.cpp">
      <Filter>Archivos de origen</Filter>
    </ClCompile>
    <ClCompile Include="Text.cpp">
      <Filter>Archivos de origen</Filter>
    </ClCompile>
    <ClCompile Include="Tile.cpp">
      <Filter>Archivos de origen</Filter>
    </ClCompile>
    <ClCompile Include="Path.cpp">
      <Filter>Archivos de origen</Filter>
    </ClCompile>
    <ClCompile Include="Point.cpp">
      <Filter>Archivos de origen</Filter>
    </ClCompile>
    <ClCompile Include="EnemyGenerator.cpp">
      <Filter>Archivos de origen</Filter>
    </ClCompile>
    <ClCompile Include="Tower.cpp">
      <Filter>Archivos de origen</Filter>
    </ClCompile>
    <ClCompile Include="CollisionEngine.cpp">
      <Filter>Archivos de origen</Filter>
    </ClCompile>
    <ClCompile Include="GameLayer.cpp">
      <Filter>Archivos de origen\Layers</Filter>
    </ClCompile>
    <ClCompile Include="MenuLayer.cpp">
      <Filter>Archivos de origen\Layers</Filter>
    </ClCompile>
    <ClCompile Include="Layer.cpp">
      <Filter>Archivos de origen\Layers</Filter>
    </ClCompile>
    <ClCompile Include="MapManager.cpp">
      <Filter>Archivos de origen\Managers</Filter>
    </ClCompile>
    <ClCompile Include="PathManager.cpp">
      <Filter>Archivos de origen\Managers</Filter>
    </ClCompile>
    <ClCompile Include="ConstructionTile.cpp">
      <Filter>Archivos de origen</Filter>
    </ClCompile>
    <ClCompile Include="Pawn.cpp">
      <Filter>Archivos de origen</Filter>
    </ClCompile>
    <ClCompile Include="ConstructionManager.cpp">
      <Filter>Archivos de origen\Managers</Filter>
    </ClCompile>
    <ClCompile Include="ShopManager.cpp">
      <Filter>Archivos de origen\Managers</Filter>
    </ClCompile>
    <ClCompile Include="Turret.cpp">
      <Filter>Archivos de origen\Torretas</Filter>
    </ClCompile>
    <ClCompile Include="TurretA.cpp">
      <Filter>Archivos de origen\Torretas</Filter>
    </ClCompile>
    <ClCompile Include="TurretAFactory.cpp">
      <Filter>Archivos de origen\Torretas</Filter>
    </ClCompile>
    <ClCompile Include="TurretB.cpp">
      <Filter>Archivos de origen\Torretas</Filter>
    </ClCompile>
    <ClCompile Include="TurretBFactory.cpp">
      <Filter>Archivos de origen\Torretas</Filter>
    </ClCompile>
    <ClCompile Include="TurretFactory.cpp">
      <Filter>Archivos de origen\Torretas</Filter>
    </ClCompile>
    <ClCompile Include="UITextIcon.cpp">
      <Filter>Archivos de origen</Filter>
    </ClCompile>
    <ClCompile Include="UIPurchasedTurret.cpp">
      <Filter>Archivos de origen</Filter>
    </ClCompile>
    <ClCompile Include="UITurretItem.cpp">
      <Filter>Archivos de origen</Filter>
    </ClCompile>
    <ClCompile Include="Horde.cpp">
      <Filter>Archivos de origen</Filter>
    </ClCompile>
    <ClCompile Include="RGB.cpp">
      <Filter>Archivos de origen</Filter>
    </ClCompile>
    <ClCompile Include="Enemy.cpp">
      <Filter>Archivos de origen\Enemigos</Filter>
    </ClCompile>
    <ClCompile Include="EnemyA.cpp">
      <Filter>Archivos de origen\Enemigos</Filter>
    </ClCompile>
    <ClCompile Include="EnemyB.cpp">
      <Filter>Archivos de origen\Enemigos</Filter>
    </ClCompile>
    <ClCompile Include="EnemyFactory.cpp">
      <Filter>Archivos de origen\Enemigos</Filter>
    </ClCompile>
    <ClCompile Include="EnemyAFactory.cpp">
      <Filter>Archivos de origen\Enemigos</Filter>
    </ClCompile>
    <ClCompile Include="EnemyBFactory.cpp">
      <Filter>Archivos de origen\Enemigos</Filter>
    </ClCompile>
    <ClCompile Include="EnemyC.cpp">
      <Filter>Archivos de origen\Enemigos</Filter>
    </ClCompile>
    <ClCompile Include="EnemyCFactory.cpp">
      <Filter>Archivos de origen\Enemigos</Filter>
    </ClCompile>
    <ClCompile Include="Gem.cpp">
      <Filter>Archivos de origen</Filter>
    </ClCompile>
    <ClCompile Include="BlueGem.cpp">
      <Filter>Archivos de origen</Filter>
    </ClCompile>
    <ClCompile Include="YellowGem.cpp">
      <Filter>Archivos de origen</Filter>
    </ClCompile>
    <ClCompile Include="MagentaGem.cpp">
      <Filter>Archivos de origen</Filter>
    </ClCompile>
    <ClCompile Include="GemGenerator.cpp">
      <Filter>Archivos de origen</Filter>
    </ClCompile>
  </ItemGroup>
  <ItemGroup>
    <ClInclude Include="Actor.h">
      <Filter>Archivos de encabezado</Filter>
    </ClInclude>
    <ClInclude Include="Animation.h">
      <Filter>Archivos de encabezado</Filter>
    </ClInclude>
    <ClInclude Include="Audio.h">
      <Filter>Archivos de encabezado</Filter>
    </ClInclude>
    <ClInclude Include="Background.h">
      <Filter>Archivos de encabezado</Filter>
    </ClInclude>
    <ClInclude Include="Game.h">
      <Filter>Archivos de encabezado</Filter>
    </ClInclude>
    <ClInclude Include="Player.h">
      <Filter>Archivos de encabezado</Filter>
    </ClInclude>
    <ClInclude Include="Projectile.h">
      <Filter>Archivos de encabezado</Filter>
    </ClInclude>
    <ClInclude Include="Space.h">
      <Filter>Archivos de encabezado</Filter>
    </ClInclude>
    <ClInclude Include="Text.h">
      <Filter>Archivos de encabezado</Filter>
    </ClInclude>
    <ClInclude Include="Tile.h">
      <Filter>Archivos de encabezado</Filter>
    </ClInclude>
    <ClInclude Include="Path.h">
      <Filter>Archivos de encabezado</Filter>
    </ClInclude>
    <ClInclude Include="Point.h">
      <Filter>Archivos de encabezado</Filter>
    </ClInclude>
    <ClInclude Include="EnemyGenerator.h">
      <Filter>Archivos de encabezado</Filter>
    </ClInclude>
    <ClInclude Include="Tower.h">
      <Filter>Archivos de encabezado</Filter>
    </ClInclude>
    <ClInclude Include="CollisionEngine.h">
      <Filter>Archivos de encabezado</Filter>
    </ClInclude>
    <ClInclude Include="GameLayer.h">
      <Filter>Archivos de encabezado\Layers</Filter>
    </ClInclude>
    <ClInclude Include="Layer.h">
      <Filter>Archivos de encabezado\Layers</Filter>
    </ClInclude>
    <ClInclude Include="MenuLayer.h">
      <Filter>Archivos de encabezado\Layers</Filter>
    </ClInclude>
    <ClInclude Include="MapManager.h">
      <Filter>Archivos de encabezado\Managers</Filter>
    </ClInclude>
    <ClInclude Include="PathManager.h">
      <Filter>Archivos de encabezado\Managers</Filter>
    </ClInclude>
    <ClInclude Include="ConstructionTile.h">
      <Filter>Archivos de encabezado</Filter>
    </ClInclude>
    <ClInclude Include="Pawn.h">
      <Filter>Archivos de encabezado</Filter>
    </ClInclude>
    <ClInclude Include="ConstructionManager.h">
      <Filter>Archivos de encabezado\Managers</Filter>
    </ClInclude>
    <ClInclude Include="ShopManager.h">
      <Filter>Archivos de encabezado\Managers</Filter>
    </ClInclude>
    <ClInclude Include="Turret.h">
      <Filter>Archivos de encabezado\Torretas</Filter>
    </ClInclude>
    <ClInclude Include="TurretA.h">
      <Filter>Archivos de encabezado\Torretas</Filter>
    </ClInclude>
    <ClInclude Include="TurretB.h">
      <Filter>Archivos de encabezado\Torretas</Filter>
    </ClInclude>
    <ClInclude Include="TurretAFactory.h">
      <Filter>Archivos de encabezado\Torretas</Filter>
    </ClInclude>
    <ClInclude Include="TurretBFactory.h">
      <Filter>Archivos de encabezado\Torretas</Filter>
    </ClInclude>
    <ClInclude Include="TurretFactory.h">
      <Filter>Archivos de encabezado\Torretas</Filter>
    </ClInclude>
    <ClInclude Include="UITextIcon.h">
      <Filter>Archivos de encabezado</Filter>
    </ClInclude>
    <ClInclude Include="UIPurchasedTurret.h">
      <Filter>Archivos de encabezado</Filter>
    </ClInclude>
    <ClInclude Include="UITurretItem.h">
      <Filter>Archivos de encabezado</Filter>
    </ClInclude>
    <ClInclude Include="Horde.h">
      <Filter>Archivos de encabezado</Filter>
    </ClInclude>
    <ClInclude Include="RGB.h">
      <Filter>Archivos de encabezado</Filter>
    </ClInclude>
    <ClInclude Include="Enemy.h">
      <Filter>Archivos de encabezado\Enemigos</Filter>
    </ClInclude>
    <ClInclude Include="EnemyA.h">
      <Filter>Archivos de encabezado\Enemigos</Filter>
    </ClInclude>
    <ClInclude Include="EnemyB.h">
      <Filter>Archivos de encabezado\Enemigos</Filter>
    </ClInclude>
    <ClInclude Include="EnemyFactory.h">
      <Filter>Archivos de encabezado\Enemigos</Filter>
    </ClInclude>
    <ClInclude Include="EnemyAFactory.h">
      <Filter>Archivos de encabezado\Enemigos</Filter>
    </ClInclude>
    <ClInclude Include="EnemyBFactory.h">
      <Filter>Archivos de encabezado\Enemigos</Filter>
    </ClInclude>
    <ClInclude Include="EnemyC.h">
      <Filter>Archivos de encabezado\Enemigos</Filter>
    </ClInclude>
    <ClInclude Include="EnemyCFactory.h">
      <Filter>Archivos de encabezado\Enemigos</Filter>
    </ClInclude>
    <ClInclude Include="Gem.h">
      <Filter>Archivos de encabezado</Filter>
    </ClInclude>
    <ClInclude Include="BlueGem.h">
      <Filter>Archivos de encabezado</Filter>
    </ClInclude>
    <ClInclude Include="YellowGem.h">
      <Filter>Archivos de encabezado</Filter>
    </ClInclude>
    <ClInclude Include="MagentaGem.h">
      <Filter>Archivos de encabezado</Filter>
    </ClInclude>
    <ClInclude Include="GemGenerator.h">
      <Filter>Archivos de encabezado</Filter>
    </ClInclude>
  </ItemGroup>
</Project>